
Microsoft Visual Studio Solution File, Format Version 12.00
# Visual Studio Express 2012 for Windows Phone
Project("{FAE04EC0-301F-11D3-BF4B-00C04F79EFBC}") = "GoatTiger", "GoatTiger\GoatTiger\GoatTiger.csproj", "{A46D2BE1-2179-4CC0-A17B-6EF1A8CD9932}"
EndProject
Project("{96E2B04D-8817-42C6-938A-82C39BA4D311}") = "GoatTigerContent", "GoatTiger\GoatTigerContent\GoatTigerContent.contentproj", "{B681813C-3770-4D94-83D7-9FC206A30B85}"
EndProject
Global
	GlobalSection(SolutionConfigurationPlatforms) = preSolution
		Debug|Windows Phone = Debug|Windows Phone
		Release|Windows Phone = Release|Windows Phone
	EndGlobalSection
	GlobalSection(ProjectConfigurationPlatforms) = postSolution
		{A46D2BE1-2179-4CC0-A17B-6EF1A8CD9932}.Debug|Windows Phone.ActiveCfg = Debug|Windows Phone
		{A46D2BE1-2179-4CC0-A17B-6EF1A8CD9932}.Debug|Windows Phone.Build.0 = Debug|Windows Phone
		{A46D2BE1-2179-4CC0-A17B-6EF1A8CD9932}.Debug|Windows Phone.Deploy.0 = Debug|Windows Phone
		{A46D2BE1-2179-4CC0-A17B-6EF1A8CD9932}.Release|Windows Phone.ActiveCfg = Release|Windows Phone
		{A46D2BE1-2179-4CC0-A17B-6EF1A8CD9932}.Release|Windows Phone.Build.0 = Release|Windows Phone
		{A46D2BE1-2179-4CC0-A17B-6EF1A8CD9932}.Release|Windows Phone.Deploy.0 = Release|Windows Phone
		{B681813C-3770-4D94-83D7-9FC206A30B85}.Debug|Windows Phone.ActiveCfg = Debug|Windows Phone
		{B681813C-3770-4D94-83D7-9FC206A30B85}.Release|Windows Phone.ActiveCfg = Release|Windows Phone
	EndGlobalSection
	GlobalSection(SolutionProperties) = preSolution
		HideSolutionNode = FALSE
	EndGlobalSection
EndGlobal
